// !$*UTF8*$!
{
	archiveVersion = 1;
	classes = {
	};
	objectVersion = 77;
	objects = {

/* Begin PBXContainerItemProxy section */
		C978BF2A2CFCC119009433DE /* PBXContainerItemProxy */ = {
			isa = PBXContainerItemProxy;
			containerPortal = C978BF112CFCC118009433DE /* Project object */;
			proxyType = 1;
			remoteGlobalIDString = C978BF182CFCC118009433DE;
			remoteInfo = Aplicatie_medic;
		};
		C978BF342CFCC119009433DE /* PBXContainerItemProxy */ = {
			isa = PBXContainerItemProxy;
			containerPortal = C978BF112CFCC118009433DE /* Project object */;
			proxyType = 1;
			remoteGlobalIDString = C978BF182CFCC118009433DE;
			remoteInfo = Aplicatie_medic;
		};
/* End PBXContainerItemProxy section */

/* Begin PBXFileReference section */
		C978BF192CFCC118009433DE /* Aplicatie_medic.app */ = {isa = PBXFileReference; explicitFileType = wrapper.application; includeInIndex = 0; path = Aplicatie_medic.app; sourceTree = BUILT_PRODUCTS_DIR; };
		C978BF292CFCC119009433DE /* Aplicatie_medicTests.xctest */ = {isa = PBXFileReference; explicitFileType = wrapper.cfbundle; includeInIndex = 0; path = Aplicatie_medicTests.xctest; sourceTree = BUILT_PRODUCTS_DIR; };
		C978BF332CFCC119009433DE /* Aplicatie_medicUITests.xctest */ = {isa = PBXFileReference; explicitFileType = wrapper.cfbundle; includeInIndex = 0; path = Aplicatie_medicUITests.xctest; sourceTree = BUILT_PRODUCTS_DIR; };
/* End PBXFileReference section */

/* Begin PBXFileSystemSynchronizedRootGroup section */
		C978BF1B2CFCC118009433DE /* Aplicatie_medic */ = {
			isa = PBXFileSystemSynchronizedRootGroup;
			path = Aplicatie_medic;
			sourceTree = "<group>";
		};
		C978BF2C2CFCC119009433DE /* Aplicatie_medicTests */ = {
			isa = PBXFileSystemSynchronizedRootGroup;
			path = Aplicatie_medicTests;
			sourceTree = "<group>";
		};
		C978BF362CFCC119009433DE /* Aplicatie_medicUITests */ = {
			isa = PBXFileSystemSynchronizedRootGroup;
			path = Aplicatie_medicUITests;
			sourceTree = "<group>";
		};
/* End PBXFileSystemSynchronizedRootGroup section */

/* Begin PBXFrameworksBuildPhase section */
		C978BF162CFCC118009433DE /* Frameworks */ = {
			isa = PBXFrameworksBuildPhase;
			buildActionMask = 2147483647;
			files = (
			);
			runOnlyForDeploymentPostprocessing = 0;
		};
		C978BF262CFCC119009433DE /* Frameworks */ = {
			isa = PBXFrameworksBuildPhase;
			buildActionMask = 2147483647;
			files = (
			);
			runOnlyForDeploymentPostprocessing = 0;
		};
		C978BF302CFCC119009433DE /* Frameworks */ = {
			isa = PBXFrameworksBuildPhase;
			buildActionMask = 2147483647;
			files = (
			);
			runOnlyForDeploymentPostprocessing = 0;
		};
/* End PBXFrameworksBuildPhase section */

/* Begin PBXGroup section */
		C978BF102CFCC118009433DE = {
			isa = PBXGroup;
			children = (
				C978BF1B2CFCC118009433DE /* Aplicatie_medic */,
				C978BF2C2CFCC119009433DE /* Aplicatie_medicTests */,
				C978BF362CFCC119009433DE /* Aplicatie_medicUITests */,
				C978BF1A2CFCC118009433DE /* Products */,
			);
			sourceTree = "<group>";
		};
		C978BF1A2CFCC118009433DE /* Products */ = {
			isa = PBXGroup;
			children = (
				C978BF192CFCC118009433DE /* Aplicatie_medic.app */,
				C978BF292CFCC119009433DE /* Aplicatie_medicTests.xctest */,
				C978BF332CFCC119009433DE /* Aplicatie_medicUITests.xctest */,
			);
			name = Products;
			sourceTree = "<group>";
		};
/* End PBXGroup section */

/* Begin PBXNativeTarget section */
		C978BF182CFCC118009433DE /* Aplicatie_medic */ = {
			isa = PBXNativeTarget;
			buildConfigurationList = C978BF3D2CFCC119009433DE /* Build configuration list for PBXNativeTarget "Aplicatie_medic" */;
			buildPhases = (
				C978BF152CFCC118009433DE /* Sources */,
				C978BF162CFCC118009433DE /* Frameworks */,
				C978BF172CFCC118009433DE /* Resources */,
			);
			buildRules = (
			);
			dependencies = (
			);
			fileSystemSynchronizedGroups = (
				C978BF1B2CFCC118009433DE /* Aplicatie_medic */,
			);
			name = Aplicatie_medic;
			packageProductDependencies = (
			);
			productName = Aplicatie_medic;
			productReference = C978BF192CFCC118009433DE /* Aplicatie_medic.app */;
			productType = "com.apple.product-type.application";
		};
		C978BF282CFCC119009433DE /* Aplicatie_medicTests */ = {
			isa = PBXNativeTarget;
			buildConfigurationList = C978BF402CFCC119009433DE /* Build configuration list for PBXNativeTarget "Aplicatie_medicTests" */;
			buildPhases = (
				C978BF252CFCC119009433DE /* Sources */,
				C978BF262CFCC119009433DE /* Frameworks */,
				C978BF272CFCC119009433DE /* Resources */,
			);
			buildRules = (
			);
			dependencies = (
				C978BF2B2CFCC119009433DE /* PBXTargetDependency */,
			);
			fileSystemSynchronizedGroups = (
				C978BF2C2CFCC119009433DE /* Aplicatie_medicTests */,
			);
			name = Aplicatie_medicTests;
			packageProductDependencies = (
			);
			productName = Aplicatie_medicTests;
			productReference = C978BF292CFCC119009433DE /* Aplicatie_medicTests.xctest */;
			productType = "com.apple.product-type.bundle.unit-test";
		};
		C978BF322CFCC119009433DE /* Aplicatie_medicUITests */ = {
			isa = PBXNativeTarget;
			buildConfigurationList = C978BF432CFCC119009433DE /* Build configuration list for PBXNativeTarget "Aplicatie_medicUITests" */;
			buildPhases = (
				C978BF2F2CFCC119009433DE /* Sources */,
				C978BF302CFCC119009433DE /* Frameworks */,
				C978BF312CFCC119009433DE /* Resources */,
			);
			buildRules = (
			);
			dependencies = (
				C978BF352CFCC119009433DE /* PBXTargetDependency */,
			);
			fileSystemSynchronizedGroups = (
				C978BF362CFCC119009433DE /* Aplicatie_medicUITests */,
			);
			name = Aplicatie_medicUITests;
			packageProductDependencies = (
			);
			productName = Aplicatie_medicUITests;
			productReference = C978BF332CFCC119009433DE /* Aplicatie_medicUITests.xctest */;
			productType = "com.apple.product-type.bundle.ui-testing";
		};
/* End PBXNativeTarget section */

/* Begin PBXProject section */
		C978BF112CFCC118009433DE /* Project object */ = {
			isa = PBXProject;
			attributes = {
				BuildIndependentTargetsInParallel = 1;
				LastSwiftUpdateCheck = 1610;
				LastUpgradeCheck = 1610;
				TargetAttributes = {
					C978BF182CFCC118009433DE = {
						CreatedOnToolsVersion = 16.1;
					};
					C978BF282CFCC119009433DE = {
						CreatedOnToolsVersion = 16.1;
						TestTargetID = C978BF182CFCC118009433DE;
					};
					C978BF322CFCC119009433DE = {
						CreatedOnToolsVersion = 16.1;
						TestTargetID = C978BF182CFCC118009433DE;
					};
				};
			};
			buildConfigurationList = C978BF142CFCC118009433DE /* Build configuration list for PBXProject "Aplicatie_medic" */;
			developmentRegion = en;
			hasScannedForEncodings = 0;
			knownRegions = (
				en,
				Base,
			);
			mainGroup = C978BF102CFCC118009433DE;
			minimizedProjectReferenceProxies = 1;
			preferredProjectObjectVersion = 77;
			productRefGroup = C978BF1A2CFCC118009433DE /* Products */;
			projectDirPath = "";
			projectRoot = "";
			targets = (
				C978BF182CFCC118009433DE /* Aplicatie_medic */,
				C978BF282CFCC119009433DE /* Aplicatie_medicTests */,
				C978BF322CFCC119009433DE /* Aplicatie_medicUITests */,
			);
		};
/* End PBXProject section */

/* Begin PBXResourcesBuildPhase section */
		C978BF172CFCC118009433DE /* Resources */ = {
			isa = PBXResourcesBuildPhase;
			buildActionMask = 2147483647;
			files = (
			);
			runOnlyForDeploymentPostprocessing = 0;
		};
		C978BF272CFCC119009433DE /* Resources */ = {
			isa = PBXResourcesBuildPhase;
			buildActionMask = 2147483647;
			files = (
			);
			runOnlyForDeploymentPostprocessing = 0;
		};
		C978BF312CFCC119009433DE /* Resources */ = {
			isa = PBXResourcesBuildPhase;
			buildActionMask = 2147483647;
			files = (
			);
			runOnlyForDeploymentPostprocessing = 0;
		};
/* End PBXResourcesBuildPhase section */

/* Begin PBXSourcesBuildPhase section */
		C978BF152CFCC118009433DE /* Sources */ = {
			isa = PBXSourcesBuildPhase;
			buildActionMask = 2147483647;
			files = (
			);
			runOnlyForDeploymentPostprocessing = 0;
		};
		C978BF252CFCC119009433DE /* Sources */ = {
			isa = PBXSourcesBuildPhase;
			buildActionMask = 2147483647;
			files = (
			);
			runOnlyForDeploymentPostprocessing = 0;
		};
		C978BF2F2CFCC119009433DE /* Sources */ = {
			isa = PBXSourcesBuildPhase;
			buildActionMask = 2147483647;
			files = (
			);
			runOnlyForDeploymentPostprocessing = 0;
		};
/* End PBXSourcesBuildPhase section */

/* Begin PBXTargetDependency section */
		C978BF2B2CFCC119009433DE /* PBXTargetDependency */ = {
			isa = PBXTargetDependency;
			target = C978BF182CFCC118009433DE /* Aplicatie_medic */;
			targetProxy = C978BF2A2CFCC119009433DE /* PBXContainerItemProxy */;
		};
		C978BF352CFCC119009433DE /* PBXTargetDependency */ = {
			isa = PBXTargetDependency;
			target = C978BF182CFCC118009433DE /* Aplicatie_medic */;
			targetProxy = C978BF342CFCC119009433DE /* PBXContainerItemProxy */;
		};
/* End PBXTargetDependency section */

/* Begin XCBuildConfiguration section */
		C978BF3B2CFCC119009433DE /* Debug */ = {
			isa = XCBuildConfiguration;
			buildSettings = {
				ALWAYS_SEARCH_USER_PATHS = NO;
				ASSETCATALOG_COMPILER_GENERATE_SWIFT_ASSET_SYMBOL_EXTENSIONS = YES;
				CLANG_ANALYZER_NONNULL = YES;
				CLANG_ANALYZER_NUMBER_OBJECT_CONVERSION = YES_AGGRESSIVE;
				CLANG_CXX_LANGUAGE_STANDARD = "gnu++20";
				CLANG_ENABLE_MODULES = YES;
				CLANG_ENABLE_OBJC_ARC = YES;
				CLANG_ENABLE_OBJC_WEAK = YES;
				CLANG_WARN_BLOCK_CAPTURE_AUTORELEASING = YES;
				CLANG_WARN_BOOL_CONVERSION = YES;
				CLANG_WARN_COMMA = YES;
				CLANG_WARN_CONSTANT_CONVERSION = YES;
				CLANG_WARN_DEPRECATED_OBJC_IMPLEMENTATIONS = YES;
				CLANG_WARN_DIRECT_OBJC_ISA_USAGE = YES_ERROR;
				CLANG_WARN_DOCUMENTATION_COMMENTS = YES;
				CLANG_WARN_EMPTY_BODY = YES;
				CLANG_WARN_ENUM_CONVERSION = YES;
				CLANG_WARN_INFINITE_RECURSION = YES;
				CLANG_WARN_INT_CONVERSION = YES;
				CLANG_WARN_NON_LITERAL_NULL_CONVERSION = YES;
				CLANG_WARN_OBJC_IMPLICIT_RETAIN_SELF = YES;
				CLANG_WARN_OBJC_LITERAL_CONVERSION = YES;
				CLANG_WARN_OBJC_ROOT_CLASS = YES_ERROR;
				CLANG_WARN_QUOTED_INCLUDE_IN_FRAMEWORK_HEADER = YES;
				CLANG_WARN_RANGE_LOOP_ANALYSIS = YES;
				CLANG_WARN_STRICT_PROTOTYPES = YES;
				CLANG_WARN_SUSPICIOUS_MOVE = YES;
				CLANG_WARN_UNGUARDED_AVAILABILITY = YES_AGGRESSIVE;
				CLANG_WARN_UNREACHABLE_CODE = YES;
				CLANG_WARN__DUPLICATE_METHOD_MATCH = YES;
				COPY_PHASE_STRIP = NO;
				DEBUG_INFORMATION_FORMAT = dwarf;
				ENABLE_STRICT_OBJC_MSGSEND = YES;
				ENABLE_TESTABILITY = YES;
				ENABLE_USER_SCRIPT_SANDBOXING = YES;
				GCC_C_LANGUAGE_STANDARD = gnu17;
				GCC_DYNAMIC_NO_PIC = NO;
				GCC_NO_COMMON_BLOCKS = YES;
				GCC_OPTIMIZATION_LEVEL = 0;
				GCC_PREPROCESSOR_DEFINITIONS = (
					"DEBUG=1",
					"$(inherited)",
				);
				GCC_WARN_64_TO_32_BIT_CONVERSION = YES;
				GCC_WARN_ABOUT_RETURN_TYPE = YES_ERROR;
				GCC_WARN_UNDECLARED_SELECTOR = YES;
				GCC_WARN_UNINITIALIZED_AUTOS = YES_AGGRESSIVE;
				GCC_WARN_UNUSED_FUNCTION = YES;
				GCC_WARN_UNUSED_VARIABLE = YES;
				IPHONEOS_DEPLOYMENT_TARGET = 18.1;
				LOCALIZATION_PREFERS_STRING_CATALOGS = YES;
				MTL_ENABLE_DEBUG_INFO = INCLUDE_SOURCE;
				MTL_FAST_MATH = YES;
				ONLY_ACTIVE_ARCH = YES;
				SDKROOT = iphoneos;
				SWIFT_ACTIVE_COMPILATION_CONDITIONS = "DEBUG $(inherited)";
				SWIFT_OPTIMIZATION_LEVEL = "-Onone";
			};
			name = Debug;
		};
		C978BF3C2CFCC119009433DE /* Release */ = {
			isa = XCBuildConfiguration;
			buildSettings = {
				ALWAYS_SEARCH_USER_PATHS = NO;
				ASSETCATALOG_COMPILER_GENERATE_SWIFT_ASSET_SYMBOL_EXTENSIONS = YES;
				CLANG_ANALYZER_NONNULL = YES;
				CLANG_ANALYZER_NUMBER_OBJECT_CONVERSION = YES_AGGRESSIVE;
				CLANG_CXX_LANGUAGE_STANDARD = "gnu++20";
				CLANG_ENABLE_MODULES = YES;
				CLANG_ENABLE_OBJC_ARC = YES;
				CLANG_ENABLE_OBJC_WEAK = YES;
				CLANG_WARN_BLOCK_CAPTURE_AUTORELEASING = YES;
				CLANG_WARN_BOOL_CONVERSION = YES;
				CLANG_WARN_COMMA = YES;
				CLANG_WARN_CONSTANT_CONVERSION = YES;
				CLANG_WARN_DEPRECATED_OBJC_IMPLEMENTATIONS = YES;
				CLANG_WARN_DIRECT_OBJC_ISA_USAGE = YES_ERROR;
				CLANG_WARN_DOCUMENTATION_COMMENTS = YES;
				CLANG_WARN_EMPTY_BODY = YES;
				CLANG_WARN_ENUM_CONVERSION = YES;
				CLANG_WARN_INFINITE_RECURSION = YES;
				CLANG_WARN_INT_CONVERSION = YES;
				CLANG_WARN_NON_LITERAL_NULL_CONVERSION = YES;
				CLANG_WARN_OBJC_IMPLICIT_RETAIN_SELF = YES;
				CLANG_WARN_OBJC_LITERAL_CONVERSION = YES;
				CLANG_WARN_OBJC_ROOT_CLASS = YES_ERROR;
				CLANG_WARN_QUOTED_INCLUDE_IN_FRAMEWORK_HEADER = YES;
				CLANG_WARN_RANGE_LOOP_ANALYSIS = YES;
				CLANG_WARN_STRICT_PROTOTYPES = YES;
				CLANG_WARN_SUSPICIOUS_MOVE = YES;
				CLANG_WARN_UNGUARDED_AVAILABILITY = YES_AGGRESSIVE;
				CLANG_WARN_UNREACHABLE_CODE = YES;
				CLANG_WARN__DUPLICATE_METHOD_MATCH = YES;
				COPY_PHASE_STRIP = NO;
				DEBUG_INFORMATION_FORMAT = "dwarf-with-dsym";
				ENABLE_NS_ASSERTIONS = NO;
				ENABLE_STRICT_OBJC_MSGSEND = YES;
				ENABLE_USER_SCRIPT_SANDBOXING = YES;
				GCC_C_LANGUAGE_STANDARD = gnu17;
				GCC_NO_COMMON_BLOCKS = YES;
				GCC_WARN_64_TO_32_BIT_CONVERSION = YES;
				GCC_WARN_ABOUT_RETURN_TYPE = YES_ERROR;
				GCC_WARN_UNDECLARED_SELECTOR = YES;
				GCC_WARN_UNINITIALIZED_AUTOS = YES_AGGRESSIVE;
				GCC_WARN_UNUSED_FUNCTION = YES;
				GCC_WARN_UNUSED_VARIABLE = YES;
				IPHONEOS_DEPLOYMENT_TARGET = 18.1;
				LOCALIZATION_PREFERS_STRING_CATALOGS = YES;
				MTL_ENABLE_DEBUG_INFO = NO;
				MTL_FAST_MATH = YES;
				SDKROOT = iphoneos;
				SWIFT_COMPILATION_MODE = wholemodule;
				VALIDATE_PRODUCT = YES;
			};
			name = Release;
		};
		C978BF3E2CFCC119009433DE /* Debug */ = {
			isa = XCBuildConfiguration;
			buildSettings = {
				ASSETCATALOG_COMPILER_APPICON_NAME = AppIcon;
				ASSETCATALOG_COMPILER_GLOBAL_ACCENT_COLOR_NAME = AccentColor;
				CODE_SIGN_STYLE = Automatic;
				CURRENT_PROJECT_VERSION = 1;
				DEVELOPMENT_ASSET_PATHS = "\"Aplicatie_medic/Preview Content\"";
				ENABLE_PREVIEWS = YES;
				GENERATE_INFOPLIST_FILE = YES;
				INFOPLIST_KEY_UIApplicationSceneManifest_Generation = YES;
				INFOPLIST_KEY_UIApplicationSupportsIndirectInputEvents = YES;
				INFOPLIST_KEY_UILaunchScreen_Generation = YES;
				INFOPLIST_KEY_UISupportedInterfaceOrientations_iPad = "UIInterfaceOrientationPortrait UIInterfaceOrientationPortraitUpsideDown UIInterfaceOrientationLandscapeLeft UIInterfaceOrientationLandscapeRight";
				INFOPLIST_KEY_UISupportedInterfaceOrientations_iPhone = "UIInterfaceOrientationPortrait UIInterfaceOrientationLandscapeLeft UIInterfaceOrientationLandscapeRight";
				LD_RUNPATH_SEARCH_PATHS = (
					"$(inherited)",
					"@executable_path/Frameworks",
				);
				MARKETING_VERSION = 1.0;
				PRODUCT_BUNDLE_IDENTIFIER = "com.mateimaat.Aplicatie-medic";
				PRODUCT_NAME = "$(TARGET_NAME)";
				SWIFT_EMIT_LOC_STRINGS = YES;
				SWIFT_VERSION = 5.0;
				TARGETED_DEVICE_FAMILY = "1,2";
			};
			name = Debug;
		};
		C978BF3F2CFCC119009433DE /* Release */ = {
			isa = XCBuildConfiguration;
			buildSettings = {
				ASSETCATALOG_COMPILER_APPICON_NAME = AppIcon;
				ASSETCATALOG_COMPILER_GLOBAL_ACCENT_COLOR_NAME = AccentColor;
				CODE_SIGN_STYLE = Automatic;
				CURRENT_PROJECT_VERSION = 1;
				DEVELOPMENT_ASSET_PATHS = "\"Aplicatie_medic/Preview Content\"";
				ENABLE_PREVIEWS = YES;
				GENERATE_INFOPLIST_FILE = YES;
				INFOPLIST_KEY_UIApplicationSceneManifest_Generation = YES;
				INFOPLIST_KEY_UIApplicationSupportsIndirectInputEvents = YES;
				INFOPLIST_KEY_UILaunchScreen_Generation = YES;
				INFOPLIST_KEY_UISupportedInterfaceOrientations_iPad = "UIInterfaceOrientationPortrait UIInterfaceOrientationPortraitUpsideDown UIInterfaceOrientationLandscapeLeft UIInterfaceOrientationLandscapeRight";
				INFOPLIST_KEY_UISupportedInterfaceOrientations_iPhone = "UIInterfaceOrientationPortrait UIInterfaceOrientationLandscapeLeft UIInterfaceOrientationLandscapeRight";
				LD_RUNPATH_SEARCH_PATHS = (
					"$(inherited)",
					"@executable_path/Frameworks",
				);
				MARKETING_VERSION = 1.0;
				PRODUCT_BUNDLE_IDENTIFIER = "com.mateimaat.Aplicatie-medic";
				PRODUCT_NAME = "$(TARGET_NAME)";
				SWIFT_EMIT_LOC_STRINGS = YES;
				SWIFT_VERSION = 5.0;
				TARGETED_DEVICE_FAMILY = "1,2";
			};
			name = Release;
		};
		C978BF412CFCC119009433DE /* Debug */ = {
			isa = XCBuildConfiguration;
			buildSettings = {
				BUNDLE_LOADER = "$(TEST_HOST)";
				CODE_SIGN_STYLE = Automatic;
				CURRENT_PROJECT_VERSION = 1;
				GENERATE_INFOPLIST_FILE = YES;
				IPHONEOS_DEPLOYMENT_TARGET = 18.1;
				MARKETING_VERSION = 1.0;
				PRODUCT_BUNDLE_IDENTIFIER = "com.mateimaat.Aplicatie-medicTests";
				PRODUCT_NAME = "$(TARGET_NAME)";
				SWIFT_EMIT_LOC_STRINGS = NO;
				SWIFT_VERSION = 5.0;
				TARGETED_DEVICE_FAMILY = "1,2";
				TEST_HOST = "$(BUILT_PRODUCTS_DIR)/Aplicatie_medic.app/$(BUNDLE_EXECUTABLE_FOLDER_PATH)/Aplicatie_medic";
			};
			name = Debug;
		};
		C978BF422CFCC119009433DE /* Release */ = {
			isa = XCBuildConfiguration;
			buildSettings = {
				BUNDLE_LOADER = "$(TEST_HOST)";
				CODE_SIGN_STYLE = Automatic;
				CURRENT_PROJECT_VERSION = 1;
				GENERATE_INFOPLIST_FILE = YES;
				IPHONEOS_DEPLOYMENT_TARGET = 18.1;
				MARKETING_VERSION = 1.0;
				PRODUCT_BUNDLE_IDENTIFIER = "com.mateimaat.Aplicatie-medicTests";
				PRODUCT_NAME = "$(TARGET_NAME)";
				SWIFT_EMIT_LOC_STRINGS = NO;
				SWIFT_VERSION = 5.0;
				TARGETED_DEVICE_FAMILY = "1,2";
				TEST_HOST = "$(BUILT_PRODUCTS_DIR)/Aplicatie_medic.app/$(BUNDLE_EXECUTABLE_FOLDER_PATH)/Aplicatie_medic";
			};
			name = Release;
		};
		C978BF442CFCC119009433DE /* Debug */ = {
			isa = XCBuildConfiguration;
			buildSettings = {
				CODE_SIGN_STYLE = Automatic;
				CURRENT_PROJECT_VERSION = 1;
				GENERATE_INFOPLIST_FILE = YES;
				MARKETING_VERSION = 1.0;
				PRODUCT_BUNDLE_IDENTIFIER = "com.mateimaat.Aplicatie-medicUITests";
				PRODUCT_NAME = "$(TARGET_NAME)";
				SWIFT_EMIT_LOC_STRINGS = NO;
				SWIFT_VERSION = 5.0;
				TARGETED_DEVICE_FAMILY = "1,2";
				TEST_TARGET_NAME = Aplicatie_medic;
			};
			name = Debug;
		};
		C978BF452CFCC119009433DE /* Release */ = {
			isa = XCBuildConfiguration;
			buildSettings = {
				CODE_SIGN_STYLE = Automatic;
				CURRENT_PROJECT_VERSION = 1;
				GENERATE_INFOPLIST_FILE = YES;
				MARKETING_VERSION = 1.0;
				PRODUCT_BUNDLE_IDENTIFIER = "com.mateimaat.Aplicatie-medicUITests";
				PRODUCT_NAME = "$(TARGET_NAME)";
				SWIFT_EMIT_LOC_STRINGS = NO;
				SWIFT_VERSION = 5.0;
				TARGETED_DEVICE_FAMILY = "1,2";
				TEST_TARGET_NAME = Aplicatie_medic;
			};
			name = Release;
		};
/* End XCBuildConfiguration section */

/* Begin XCConfigurationList section */
		C978BF142CFCC118009433DE /* Build configuration list for PBXProject "Aplicatie_medic" */ = {
			isa = XCConfigurationList;
			buildConfigurations = (
				C978BF3B2CFCC119009433DE /* Debug */,
				C978BF3C2CFCC119009433DE /* Release */,
			);
			defaultConfigurationIsVisible = 0;
			defaultConfigurationName = Release;
		};
		C978BF3D2CFCC119009433DE /* Build configuration list for PBXNativeTarget "Aplicatie_medic" */ = {
			isa = XCConfigurationList;
			buildConfigurations = (
				C978BF3E2CFCC119009433DE /* Debug */,
				C978BF3F2CFCC119009433DE /* Release */,
			);
			defaultConfigurationIsVisible = 0;
			defaultConfigurationName = Release;
		};
		C978BF402CFCC119009433DE /* Build configuration list for PBXNativeTarget "Aplicatie_medicTests" */ = {
			isa = XCConfigurationList;
			buildConfigurations = (
				C978BF412CFCC119009433DE /* Debug */,
				C978BF422CFCC119009433DE /* Release */,
			);
			defaultConfigurationIsVisible = 0;
			defaultConfigurationName = Release;
		};
		C978BF432CFCC119009433DE /* Build configuration list for PBXNativeTarget "Aplicatie_medicUITests" */ = {
			isa = XCConfigurationList;
			buildConfigurations = (
				C978BF442CFCC119009433DE /* Debug */,
				C978BF452CFCC119009433DE /* Release */,
			);
			defaultConfigurationIsVisible = 0;
			defaultConfigurationName = Release;
		};
/* End XCConfigurationList section */
	};
	rootObject = C978BF112CFCC118009433DE /* Project object */;
}
